
Microsoft Visual Studio Solution File, Format Version 12.00
# Visual Studio Version 17
VisualStudioVersion = 17.5.33424.131
MinimumVisualStudioVersion = 10.0.40219.1
Project("{FAE04EC0-301F-11D3-BF4B-00C04F79EFBC}") = "Lab3_1", "Lab3_1\Lab3_1.csproj", "{A08FE4CD-AB02-41DC-A801-321582B68236}"
EndProject
Global
	GlobalSection(SolutionConfigurationPlatforms) = preSolution
		Debug|Any CPU = Debug|Any CPU
		Release|Any CPU = Release|Any CPU
	EndGlobalSection
	GlobalSection(ProjectConfigurationPlatforms) = postSolution
		{A08FE4CD-AB02-41DC-A801-321582B68236}.Debug|Any CPU.ActiveCfg = Debug|Any CPU
		{A08FE4CD-AB02-41DC-A801-321582B68236}.Debug|Any CPU.Build.0 = Debug|Any CPU
		{A08FE4CD-AB02-41DC-A801-321582B68236}.Release|Any CPU.ActiveCfg = Release|Any CPU
		{A08FE4CD-AB02-41DC-A801-321582B68236}.Release|Any CPU.Build.0 = Release|Any CPU
	EndGlobalSection
	GlobalSection(SolutionProperties) = preSolution
		HideSolutionNode = FALSE
	EndGlobalSection
	GlobalSection(ExtensibilityGlobals) = postSolution
		SolutionGuid = {BF8FC2AB-D8E1-4883-9502-6AE46A681D5A}
	EndGlobalSection
EndGlobal
