
Microsoft Visual Studio Solution File, Format Version 12.00
# Visual Studio Version 17
VisualStudioVersion = 17.5.33402.96
MinimumVisualStudioVersion = 10.0.40219.1
Project("{FAE04EC0-301F-11D3-BF4B-00C04F79EFBC}") = "LAB3", "LAB3\LAB3.csproj", "{B4F71D05-2963-4FED-B10D-78239332EF03}"
EndProject
Global
	GlobalSection(SolutionConfigurationPlatforms) = preSolution
		Debug|Any CPU = Debug|Any CPU
		Release|Any CPU = Release|Any CPU
	EndGlobalSection
	GlobalSection(ProjectConfigurationPlatforms) = postSolution
		{B4F71D05-2963-4FED-B10D-78239332EF03}.Debug|Any CPU.ActiveCfg = Debug|Any CPU
		{B4F71D05-2963-4FED-B10D-78239332EF03}.Debug|Any CPU.Build.0 = Debug|Any CPU
		{B4F71D05-2963-4FED-B10D-78239332EF03}.Release|Any CPU.ActiveCfg = Release|Any CPU
		{B4F71D05-2963-4FED-B10D-78239332EF03}.Release|Any CPU.Build.0 = Release|Any CPU
	EndGlobalSection
	GlobalSection(SolutionProperties) = preSolution
		HideSolutionNode = FALSE
	EndGlobalSection
	GlobalSection(ExtensibilityGlobals) = postSolution
		SolutionGuid = {A88AE62A-B324-404A-B054-1C5C00099C11}
	EndGlobalSection
EndGlobal
