
Microsoft Visual Studio Solution File, Format Version 12.00
# Visual Studio Version 17
VisualStudioVersion = 17.4.33403.182
MinimumVisualStudioVersion = 10.0.40219.1
Project("{FAE04EC0-301F-11D3-BF4B-00C04F79EFBC}") = "Lab2_1_23", "Lab2_1_23\Lab2_1_23.csproj", "{10003A5C-CAA3-48EA-9867-50CA90C50199}"
EndProject
Global
	GlobalSection(SolutionConfigurationPlatforms) = preSolution
		Debug|Any CPU = Debug|Any CPU
		Release|Any CPU = Release|Any CPU
	EndGlobalSection
	GlobalSection(ProjectConfigurationPlatforms) = postSolution
		{10003A5C-CAA3-48EA-9867-50CA90C50199}.Debug|Any CPU.ActiveCfg = Debug|Any CPU
		{10003A5C-CAA3-48EA-9867-50CA90C50199}.Debug|Any CPU.Build.0 = Debug|Any CPU
		{10003A5C-CAA3-48EA-9867-50CA90C50199}.Release|Any CPU.ActiveCfg = Release|Any CPU
		{10003A5C-CAA3-48EA-9867-50CA90C50199}.Release|Any CPU.Build.0 = Release|Any CPU
	EndGlobalSection
	GlobalSection(SolutionProperties) = preSolution
		HideSolutionNode = FALSE
	EndGlobalSection
	GlobalSection(ExtensibilityGlobals) = postSolution
		SolutionGuid = {61AEE5FF-6829-4A5C-A360-89B5B61D56D4}
	EndGlobalSection
EndGlobal
